
Microsoft Visual Studio Solution File, Format Version 12.00
# Visual Studio Version 16
VisualStudioVersion = 16.0.29519.181
MinimumVisualStudioVersion = 10.0.40219.1
Project("{FAE04EC0-301F-11D3-BF4B-00C04F79EFBC}") = "WpfValidationRules", "WpfValidationRules\WpfValidationRules.csproj", "{1C1D86A6-635C-485C-82E3-5A76B8573BF5}"
EndProject
Global
	GlobalSection(SolutionConfigurationPlatforms) = preSolution
		Debug|Any CPU = Debug|Any CPU
		Release|Any CPU = Release|Any CPU
	EndGlobalSection
	GlobalSection(ProjectConfigurationPlatforms) = postSolution
		{1C1D86A6-635C-485C-82E3-5A76B8573BF5}.Debug|Any CPU.ActiveCfg = Debug|Any CPU
		{1C1D86A6-635C-485C-82E3-5A76B8573BF5}.Debug|Any CPU.Build.0 = Debug|Any CPU
		{1C1D86A6-635C-485C-82E3-5A76B8573BF5}.Release|Any CPU.ActiveCfg = Release|Any CPU
		{1C1D86A6-635C-485C-82E3-5A76B8573BF5}.Release|Any CPU.Build.0 = Release|Any CPU
	EndGlobalSection
	GlobalSection(SolutionProperties) = preSolution
		HideSolutionNode = FALSE
	EndGlobalSection
	GlobalSection(ExtensibilityGlobals) = postSolution
		SolutionGuid = {311D5E98-D04C-4D4A-B672-C5E5A7874D09}
	EndGlobalSection
EndGlobal
